
Microsoft Visual Studio Solution File, Format Version 12.00
# Visual Studio Version 17
VisualStudioVersion = 17.14.36414.22 d17.14
MinimumVisualStudioVersion = 10.0.40219.1
Project("{FAE04EC0-301F-11D3-BF4B-00C04F79EFBC}") = "CRESANA", "CRESANA.csproj", "{EAEA0F3C-AE3B-4176-9BB1-DFA9ACE8FBD2}"
EndProject
Global
	GlobalSection(SolutionConfigurationPlatforms) = preSolution
		Debug|Any CPU = Debug|Any CPU
		Release|Any CPU = Release|Any CPU
	EndGlobalSection
	GlobalSection(ProjectConfigurationPlatforms) = postSolution
		{EAEA0F3C-AE3B-4176-9BB1-DFA9ACE8FBD2}.Debug|Any CPU.ActiveCfg = Debug|Any CPU
		{EAEA0F3C-AE3B-4176-9BB1-DFA9ACE8FBD2}.Debug|Any CPU.Build.0 = Debug|Any CPU
		{EAEA0F3C-AE3B-4176-9BB1-DFA9ACE8FBD2}.Debug|Any CPU.Deploy.0 = Debug|Any CPU
		{EAEA0F3C-AE3B-4176-9BB1-DFA9ACE8FBD2}.Release|Any CPU.ActiveCfg = Release|Any CPU
		{EAEA0F3C-AE3B-4176-9BB1-DFA9ACE8FBD2}.Release|Any CPU.Build.0 = Release|Any CPU
		{EAEA0F3C-AE3B-4176-9BB1-DFA9ACE8FBD2}.Release|Any CPU.Deploy.0 = Release|Any CPU
	EndGlobalSection
	GlobalSection(SolutionProperties) = preSolution
		HideSolutionNode = FALSE
	EndGlobalSection
	GlobalSection(ExtensibilityGlobals) = postSolution
		SolutionGuid = {3FDD60D2-7CE3-435F-AB21-700A6002B0F3}
	EndGlobalSection
EndGlobal
